{
  "name": "cosearch-api",
  "version": "1.0.0",
  "lockfileVersion": 3,
  "requires": true,
  "packages": {
    "": {
      "name": "cosearch-api",
      "version": "1.0.0",
      "license": "ISC",
      "dependencies": {
        "minisearch": "^7.2.0"
      }
    },
    "node_modules/minisearch": {
      "version": "7.2.0",
      "resolved": "https://verdaccio.senbax.cloud/minisearch/-/minisearch-7.2.0.tgz",
      "integrity": "sha512-dqT2XBYUOZOiC5t2HRnwADjhNS2cecp9u+TJRiJ1Qp/f5qjkeT5APcGPjHw+bz89Ms8Jp+cG4AlE+QZ/QnDglg==",
      "license": "MIT"
    }
  }
}
